
Microsoft Visual Studio Solution File, Format Version 12.00
# Visual Studio Version 16
VisualStudioVersion = 16.0.33214.272
MinimumVisualStudioVersion = 10.0.40219.1
Project("{FAE04EC0-301F-11D3-BF4B-00C04F79EFBC}") = "ProyectoTienda", "ProyectoTienda\ProyectoTienda.csproj", "{EFBFD3BB-5EA5-4885-A022-A9E2AD1AA90F}"
EndProject
Global
	GlobalSection(SolutionConfigurationPlatforms) = preSolution
		Debug|Any CPU = Debug|Any CPU
		Release|Any CPU = Release|Any CPU
	EndGlobalSection
	GlobalSection(ProjectConfigurationPlatforms) = postSolution
		{EFBFD3BB-5EA5-4885-A022-A9E2AD1AA90F}.Debug|Any CPU.ActiveCfg = Debug|Any CPU
		{EFBFD3BB-5EA5-4885-A022-A9E2AD1AA90F}.Debug|Any CPU.Build.0 = Debug|Any CPU
		{EFBFD3BB-5EA5-4885-A022-A9E2AD1AA90F}.Release|Any CPU.ActiveCfg = Release|Any CPU
		{EFBFD3BB-5EA5-4885-A022-A9E2AD1AA90F}.Release|Any CPU.Build.0 = Release|Any CPU
	EndGlobalSection
	GlobalSection(SolutionProperties) = preSolution
		HideSolutionNode = FALSE
	EndGlobalSection
	GlobalSection(ExtensibilityGlobals) = postSolution
		SolutionGuid = {04898231-EECC-4FEC-BF30-B0F7AB756FF7}
	EndGlobalSection
EndGlobal
